// !$*UTF8*$!
{
	archiveVersion = 1;
	classes = {
	};
	objectVersion = 55;
	objects = {

/* Begin PBXBuildFile section */
		8981BD8B2A38DC0300A75F88 /* AppDelegate.swift in Sources */ = {isa = PBXBuildFile; fileRef = 8981BD8A2A38DC0300A75F88 /* AppDelegate.swift */; };
		8981BD8D2A38DC0300A75F88 /* SceneDelegate.swift in Sources */ = {isa = PBXBuildFile; fileRef = 8981BD8C2A38DC0300A75F88 /* SceneDelegate.swift */; };
		8981BD8F2A38DC0300A75F88 /* TableViewController.swift in Sources */ = {isa = PBXBuildFile; fileRef = 8981BD8E2A38DC0300A75F88 /* TableViewController.swift */; };
		8981BD922A38DC0300A75F88 /* Main.storyboard in Resources */ = {isa = PBXBuildFile; fileRef = 8981BD902A38DC0300A75F88 /* Main.storyboard */; };
		8981BD942A38DC0500A75F88 /* Assets.xcassets in Resources */ = {isa = PBXBuildFile; fileRef = 8981BD932A38DC0500A75F88 /* Assets.xcassets */; };
		8981BD972A38DC0500A75F88 /* LaunchScreen.storyboard in Resources */ = {isa = PBXBuildFile; fileRef = 8981BD952A38DC0500A75F88 /* LaunchScreen.storyboard */; };
		8981BDA02A38DE4300A75F88 /* ProductView.swift in Sources */ = {isa = PBXBuildFile; fileRef = 8981BD9F2A38DE4300A75F88 /* ProductView.swift */; };
		8981BDAB2A38E03C00A75F88 /* Product.swift in Sources */ = {isa = PBXBuildFile; fileRef = 8981BDA92A38E03C00A75F88 /* Product.swift */; };
		8981BDAC2A38E03C00A75F88 /* Product.xib in Resources */ = {isa = PBXBuildFile; fileRef = 8981BDAA2A38E03C00A75F88 /* Product.xib */; };
/* End PBXBuildFile section */

/* Begin PBXFileReference section */
		8981BD872A38DC0300A75F88 /* Task #1.app */ = {isa = PBXFileReference; explicitFileType = wrapper.application; includeInIndex = 0; path = "Task #1.app"; sourceTree = BUILT_PRODUCTS_DIR; };
		8981BD8A2A38DC0300A75F88 /* AppDelegate.swift */ = {isa = PBXFileReference; lastKnownFileType = sourcecode.swift; path = AppDelegate.swift; sourceTree = "<group>"; };
		8981BD8C2A38DC0300A75F88 /* SceneDelegate.swift */ = {isa = PBXFileReference; lastKnownFileType = sourcecode.swift; path = SceneDelegate.swift; sourceTree = "<group>"; };
		8981BD8E2A38DC0300A75F88 /* TableViewController.swift */ = {isa = PBXFileReference; lastKnownFileType = sourcecode.swift; path = TableViewController.swift; sourceTree = "<group>"; };
		8981BD912A38DC0300A75F88 /* Base */ = {isa = PBXFileReference; lastKnownFileType = file.storyboard; name = Base; path = Base.lproj/Main.storyboard; sourceTree = "<group>"; };
		8981BD932A38DC0500A75F88 /* Assets.xcassets */ = {isa = PBXFileReference; lastKnownFileType = folder.assetcatalog; path = Assets.xcassets; sourceTree = "<group>"; };
		8981BD962A38DC0500A75F88 /* Base */ = {isa = PBXFileReference; lastKnownFileType = file.storyboard; name = Base; path = Base.lproj/LaunchScreen.storyboard; sourceTree = "<group>"; };
		8981BD982A38DC0500A75F88 /* Info.plist */ = {isa = PBXFileReference; lastKnownFileType = text.plist.xml; path = Info.plist; sourceTree = "<group>"; };
		8981BD9F2A38DE4300A75F88 /* ProductView.swift */ = {isa = PBXFileReference; lastKnownFileType = sourcecode.swift; path = ProductView.swift; sourceTree = "<group>"; };
		8981BDA92A38E03C00A75F88 /* Product.swift */ = {isa = PBXFileReference; lastKnownFileType = sourcecode.swift; path = Product.swift; sourceTree = "<group>"; };
		8981BDAA2A38E03C00A75F88 /* Product.xib */ = {isa = PBXFileReference; lastKnownFileType = file.xib; path = Product.xib; sourceTree = "<group>"; };
/* End PBXFileReference section */

/* Begin PBXFrameworksBuildPhase section */
		8981BD842A38DC0300A75F88 /* Frameworks */ = {
			isa = PBXFrameworksBuildPhase;
			buildActionMask = 2147483647;
			files = (
			);
			runOnlyForDeploymentPostprocessing = 0;
		};
/* End PBXFrameworksBuildPhase section */

/* Begin PBXGroup section */
		8981BD7E2A38DC0300A75F88 = {
			isa = PBXGroup;
			children = (
				8981BD892A38DC0300A75F88 /* Task #1 */,
				8981BD882A38DC0300A75F88 /* Products */,
			);
			sourceTree = "<group>";
		};
		8981BD882A38DC0300A75F88 /* Products */ = {
			isa = PBXGroup;
			children = (
				8981BD872A38DC0300A75F88 /* Task #1.app */,
			);
			name = Products;
			sourceTree = "<group>";
		};
		8981BD892A38DC0300A75F88 /* Task #1 */ = {
			isa = PBXGroup;
			children = (
				8981BD8A2A38DC0300A75F88 /* AppDelegate.swift */,
				8981BD8C2A38DC0300A75F88 /* SceneDelegate.swift */,
				8981BDA82A38E01900A75F88 /* Model */,
				8981BD9E2A38DE3600A75F88 /* Controllers */,
				8981BDA72A38DE6700A75F88 /* View */,
				8981BD932A38DC0500A75F88 /* Assets.xcassets */,
				8981BD952A38DC0500A75F88 /* LaunchScreen.storyboard */,
				8981BD982A38DC0500A75F88 /* Info.plist */,
			);
			path = "Task #1";
			sourceTree = "<group>";
		};
		8981BD9E2A38DE3600A75F88 /* Controllers */ = {
			isa = PBXGroup;
			children = (
				8981BD8E2A38DC0300A75F88 /* TableViewController.swift */,
				8981BD9F2A38DE4300A75F88 /* ProductView.swift */,
			);
			path = Controllers;
			sourceTree = "<group>";
		};
		8981BDA72A38DE6700A75F88 /* View */ = {
			isa = PBXGroup;
			children = (
				8981BD902A38DC0300A75F88 /* Main.storyboard */,
			);
			path = View;
			sourceTree = "<group>";
		};
		8981BDA82A38E01900A75F88 /* Model */ = {
			isa = PBXGroup;
			children = (
				8981BDA92A38E03C00A75F88 /* Product.swift */,
				8981BDAA2A38E03C00A75F88 /* Product.xib */,
			);
			path = Model;
			sourceTree = "<group>";
		};
/* End PBXGroup section */

/* Begin PBXNativeTarget section */
		8981BD862A38DC0300A75F88 /* Task #1 */ = {
			isa = PBXNativeTarget;
			buildConfigurationList = 8981BD9B2A38DC0500A75F88 /* Build configuration list for PBXNativeTarget "Task #1" */;
			buildPhases = (
				8981BD832A38DC0300A75F88 /* Sources */,
				8981BD842A38DC0300A75F88 /* Frameworks */,
				8981BD852A38DC0300A75F88 /* Resources */,
			);
			buildRules = (
			);
			dependencies = (
			);
			name = "Task #1";
			productName = "Task #1";
			productReference = 8981BD872A38DC0300A75F88 /* Task #1.app */;
			productType = "com.apple.product-type.application";
		};
/* End PBXNativeTarget section */

/* Begin PBXProject section */
		8981BD7F2A38DC0300A75F88 /* Project object */ = {
			isa = PBXProject;
			attributes = {
				BuildIndependentTargetsInParallel = 1;
				LastSwiftUpdateCheck = 1340;
				LastUpgradeCheck = 1340;
				TargetAttributes = {
					8981BD862A38DC0300A75F88 = {
						CreatedOnToolsVersion = 13.4.1;
					};
				};
			};
			buildConfigurationList = 8981BD822A38DC0300A75F88 /* Build configuration list for PBXProject "Task #1" */;
			compatibilityVersion = "Xcode 13.0";
			developmentRegion = en;
			hasScannedForEncodings = 0;
			knownRegions = (
				en,
				Base,
			);
			mainGroup = 8981BD7E2A38DC0300A75F88;
			productRefGroup = 8981BD882A38DC0300A75F88 /* Products */;
			projectDirPath = "";
			projectRoot = "";
			targets = (
				8981BD862A38DC0300A75F88 /* Task #1 */,
			);
		};
/* End PBXProject section */

/* Begin PBXResourcesBuildPhase section */
		8981BD852A38DC0300A75F88 /* Resources */ = {
			isa = PBXResourcesBuildPhase;
			buildActionMask = 2147483647;
			files = (
				8981BD972A38DC0500A75F88 /* LaunchScreen.storyboard in Resources */,
				8981BDAC2A38E03C00A75F88 /* Product.xib in Resources */,
				8981BD942A38DC0500A75F88 /* Assets.xcassets in Resources */,
				8981BD922A38DC0300A75F88 /* Main.storyboard in Resources */,
			);
			runOnlyForDeploymentPostprocessing = 0;
		};
/* End PBXResourcesBuildPhase section */

/* Begin PBXSourcesBuildPhase section */
		8981BD832A38DC0300A75F88 /* Sources */ = {
			isa = PBXSourcesBuildPhase;
			buildActionMask = 2147483647;
			files = (
				8981BD8F2A38DC0300A75F88 /* TableViewController.swift in Sources */,
				8981BDAB2A38E03C00A75F88 /* Product.swift in Sources */,
				8981BD8B2A38DC0300A75F88 /* AppDelegate.swift in Sources */,
				8981BD8D2A38DC0300A75F88 /* SceneDelegate.swift in Sources */,
				8981BDA02A38DE4300A75F88 /* ProductView.swift in Sources */,
			);
			runOnlyForDeploymentPostprocessing = 0;
		};
/* End PBXSourcesBuildPhase section */

/* Begin PBXVariantGroup section */
		8981BD902A38DC0300A75F88 /* Main.storyboard */ = {
			isa = PBXVariantGroup;
			children = (
				8981BD912A38DC0300A75F88 /* Base */,
			);
			name = Main.storyboard;
			sourceTree = "<group>";
		};
		8981BD952A38DC0500A75F88 /* LaunchScreen.storyboard */ = {
			isa = PBXVariantGroup;
			children = (
				8981BD962A38DC0500A75F88 /* Base */,
			);
			name = LaunchScreen.storyboard;
			sourceTree = "<group>";
		};
/* End PBXVariantGroup section */

/* Begin XCBuildConfiguration section */
		8981BD992A38DC0500A75F88 /* Debug */ = {
			isa = XCBuildConfiguration;
			buildSettings = {
				ALWAYS_SEARCH_USER_PATHS = NO;
				CLANG_ANALYZER_NONNULL = YES;
				CLANG_ANALYZER_NUMBER_OBJECT_CONVERSION = YES_AGGRESSIVE;
				CLANG_CXX_LANGUAGE_STANDARD = "gnu++17";
				CLANG_ENABLE_MODULES = YES;
				CLANG_ENABLE_OBJC_ARC = YES;
				CLANG_ENABLE_OBJC_WEAK = YES;
				CLANG_WARN_BLOCK_CAPTURE_AUTORELEASING = YES;
				CLANG_WARN_BOOL_CONVERSION = YES;
				CLANG_WARN_COMMA = YES;
				CLANG_WARN_CONSTANT_CONVERSION = YES;
				CLANG_WARN_DEPRECATED_OBJC_IMPLEMENTATIONS = YES;
				CLANG_WARN_DIRECT_OBJC_ISA_USAGE = YES_ERROR;
				CLANG_WARN_DOCUMENTATION_COMMENTS = YES;
				CLANG_WARN_EMPTY_BODY = YES;
				CLANG_WARN_ENUM_CONVERSION = YES;
				CLANG_WARN_INFINITE_RECURSION = YES;
				CLANG_WARN_INT_CONVERSION = YES;
				CLANG_WARN_NON_LITERAL_NULL_CONVERSION = YES;
				CLANG_WARN_OBJC_IMPLICIT_RETAIN_SELF = YES;
				CLANG_WARN_OBJC_LITERAL_CONVERSION = YES;
				CLANG_WARN_OBJC_ROOT_CLASS = YES_ERROR;
				CLANG_WARN_QUOTED_INCLUDE_IN_FRAMEWORK_HEADER = YES;
				CLANG_WARN_RANGE_LOOP_ANALYSIS = YES;
				CLANG_WARN_STRICT_PROTOTYPES = YES;
				CLANG_WARN_SUSPICIOUS_MOVE = YES;
				CLANG_WARN_UNGUARDED_AVAILABILITY = YES_AGGRESSIVE;
				CLANG_WARN_UNREACHABLE_CODE = YES;
				CLANG_WARN__DUPLICATE_METHOD_MATCH = YES;
				COPY_PHASE_STRIP = NO;
				DEBUG_INFORMATION_FORMAT = dwarf;
				ENABLE_STRICT_OBJC_MSGSEND = YES;
				ENABLE_TESTABILITY = YES;
				GCC_C_LANGUAGE_STANDARD = gnu11;
				GCC_DYNAMIC_NO_PIC = NO;
				GCC_NO_COMMON_BLOCKS = YES;
				GCC_OPTIMIZATION_LEVEL = 0;
				GCC_PREPROCESSOR_DEFINITIONS = (
					"DEBUG=1",
					"$(inherited)",
				);
				GCC_WARN_64_TO_32_BIT_CONVERSION = YES;
				GCC_WARN_ABOUT_RETURN_TYPE = YES_ERROR;
				GCC_WARN_UNDECLARED_SELECTOR = YES;
				GCC_WARN_UNINITIALIZED_AUTOS = YES_AGGRESSIVE;
				GCC_WARN_UNUSED_FUNCTION = YES;
				GCC_WARN_UNUSED_VARIABLE = YES;
				IPHONEOS_DEPLOYMENT_TARGET = 15.5;
				MTL_ENABLE_DEBUG_INFO = INCLUDE_SOURCE;
				MTL_FAST_MATH = YES;
				ONLY_ACTIVE_ARCH = YES;
				SDKROOT = iphoneos;
				SWIFT_ACTIVE_COMPILATION_CONDITIONS = DEBUG;
				SWIFT_OPTIMIZATION_LEVEL = "-Onone";
			};
			name = Debug;
		};
		8981BD9A2A38DC0500A75F88 /* Release */ = {
			isa = XCBuildConfiguration;
			buildSettings = {
				ALWAYS_SEARCH_USER_PATHS = NO;
				CLANG_ANALYZER_NONNULL = YES;
				CLANG_ANALYZER_NUMBER_OBJECT_CONVERSION = YES_AGGRESSIVE;
				CLANG_CXX_LANGUAGE_STANDARD = "gnu++17";
				CLANG_ENABLE_MODULES = YES;
				CLANG_ENABLE_OBJC_ARC = YES;
				CLANG_ENABLE_OBJC_WEAK = YES;
				CLANG_WARN_BLOCK_CAPTURE_AUTORELEASING = YES;
				CLANG_WARN_BOOL_CONVERSION = YES;
				CLANG_WARN_COMMA = YES;
				CLANG_WARN_CONSTANT_CONVERSION = YES;
				CLANG_WARN_DEPRECATED_OBJC_IMPLEMENTATIONS = YES;
				CLANG_WARN_DIRECT_OBJC_ISA_USAGE = YES_ERROR;
				CLANG_WARN_DOCUMENTATION_COMMENTS = YES;
				CLANG_WARN_EMPTY_BODY = YES;
				CLANG_WARN_ENUM_CONVERSION = YES;
				CLANG_WARN_INFINITE_RECURSION = YES;
				CLANG_WARN_INT_CONVERSION = YES;
				CLANG_WARN_NON_LITERAL_NULL_CONVERSION = YES;
				CLANG_WARN_OBJC_IMPLICIT_RETAIN_SELF = YES;
				CLANG_WARN_OBJC_LITERAL_CONVERSION = YES;
				CLANG_WARN_OBJC_ROOT_CLASS = YES_ERROR;
				CLANG_WARN_QUOTED_INCLUDE_IN_FRAMEWORK_HEADER = YES;
				CLANG_WARN_RANGE_LOOP_ANALYSIS = YES;
				CLANG_WARN_STRICT_PROTOTYPES = YES;
				CLANG_WARN_SUSPICIOUS_MOVE = YES;
				CLANG_WARN_UNGUARDED_AVAILABILITY = YES_AGGRESSIVE;
				CLANG_WARN_UNREACHABLE_CODE = YES;
				CLANG_WARN__DUPLICATE_METHOD_MATCH = YES;
				COPY_PHASE_STRIP = NO;
				DEBUG_INFORMATION_FORMAT = "dwarf-with-dsym";
				ENABLE_NS_ASSERTIONS = NO;
				ENABLE_STRICT_OBJC_MSGSEND = YES;
				GCC_C_LANGUAGE_STANDARD = gnu11;
				GCC_NO_COMMON_BLOCKS = YES;
				GCC_WARN_64_TO_32_BIT_CONVERSION = YES;
				GCC_WARN_ABOUT_RETURN_TYPE = YES_ERROR;
				GCC_WARN_UNDECLARED_SELECTOR = YES;
				GCC_WARN_UNINITIALIZED_AUTOS = YES_AGGRESSIVE;
				GCC_WARN_UNUSED_FUNCTION = YES;
				GCC_WARN_UNUSED_VARIABLE = YES;
				IPHONEOS_DEPLOYMENT_TARGET = 15.5;
				MTL_ENABLE_DEBUG_INFO = NO;
				MTL_FAST_MATH = YES;
				SDKROOT = iphoneos;
				SWIFT_COMPILATION_MODE = wholemodule;
				SWIFT_OPTIMIZATION_LEVEL = "-O";
				VALIDATE_PRODUCT = YES;
			};
			name = Release;
		};
		8981BD9C2A38DC0500A75F88 /* Debug */ = {
			isa = XCBuildConfiguration;
			buildSettings = {
				ASSETCATALOG_COMPILER_APPICON_NAME = AppIcon;
				ASSETCATALOG_COMPILER_GLOBAL_ACCENT_COLOR_NAME = AccentColor;
				CODE_SIGN_IDENTITY = "Apple Development";
				CODE_SIGN_STYLE = Automatic;
				CURRENT_PROJECT_VERSION = 1;
				DEVELOPMENT_TEAM = KX9G54G5JC;
				GENERATE_INFOPLIST_FILE = YES;
				INFOPLIST_FILE = "Task #1/Info.plist";
				INFOPLIST_KEY_UIApplicationSupportsIndirectInputEvents = YES;
				INFOPLIST_KEY_UILaunchStoryboardName = LaunchScreen;
				INFOPLIST_KEY_UIMainStoryboardFile = Main;
				INFOPLIST_KEY_UISupportedInterfaceOrientations_iPad = "UIInterfaceOrientationPortrait UIInterfaceOrientationPortraitUpsideDown UIInterfaceOrientationLandscapeLeft UIInterfaceOrientationLandscapeRight";
				INFOPLIST_KEY_UISupportedInterfaceOrientations_iPhone = "UIInterfaceOrientationPortrait UIInterfaceOrientationLandscapeLeft UIInterfaceOrientationLandscapeRight";
				LD_RUNPATH_SEARCH_PATHS = (
					"$(inherited)",
					"@executable_path/Frameworks",
				);
				MARKETING_VERSION = 1.0;
				PRODUCT_BUNDLE_IDENTIFIER = "com.batrinho.Task--1";
				PRODUCT_NAME = "$(TARGET_NAME)";
				PROVISIONING_PROFILE_SPECIFIER = "";
				SWIFT_EMIT_LOC_STRINGS = YES;
				SWIFT_VERSION = 5.0;
				TARGETED_DEVICE_FAMILY = "1,2";
			};
			name = Debug;
		};
		8981BD9D2A38DC0500A75F88 /* Release */ = {
			isa = XCBuildConfiguration;
			buildSettings = {
				ASSETCATALOG_COMPILER_APPICON_NAME = AppIcon;
				ASSETCATALOG_COMPILER_GLOBAL_ACCENT_COLOR_NAME = AccentColor;
				CODE_SIGN_IDENTITY = "Apple Development";
				CODE_SIGN_STYLE = Automatic;
				CURRENT_PROJECT_VERSION = 1;
				DEVELOPMENT_TEAM = KX9G54G5JC;
				GENERATE_INFOPLIST_FILE = YES;
				INFOPLIST_FILE = "Task #1/Info.plist";
				INFOPLIST_KEY_UIApplicationSupportsIndirectInputEvents = YES;
				INFOPLIST_KEY_UILaunchStoryboardName = LaunchScreen;
				INFOPLIST_KEY_UIMainStoryboardFile = Main;
				INFOPLIST_KEY_UISupportedInterfaceOrientations_iPad = "UIInterfaceOrientationPortrait UIInterfaceOrientationPortraitUpsideDown UIInterfaceOrientationLandscapeLeft UIInterfaceOrientationLandscapeRight";
				INFOPLIST_KEY_UISupportedInterfaceOrientations_iPhone = "UIInterfaceOrientationPortrait UIInterfaceOrientationLandscapeLeft UIInterfaceOrientationLandscapeRight";
				LD_RUNPATH_SEARCH_PATHS = (
					"$(inherited)",
					"@executable_path/Frameworks",
				);
				MARKETING_VERSION = 1.0;
				PRODUCT_BUNDLE_IDENTIFIER = "com.batrinho.Task--1";
				PRODUCT_NAME = "$(TARGET_NAME)";
				PROVISIONING_PROFILE_SPECIFIER = "";
				SWIFT_EMIT_LOC_STRINGS = YES;
				SWIFT_VERSION = 5.0;
				TARGETED_DEVICE_FAMILY = "1,2";
			};
			name = Release;
		};
/* End XCBuildConfiguration section */

/* Begin XCConfigurationList section */
		8981BD822A38DC0300A75F88 /* Build configuration list for PBXProject "Task #1" */ = {
			isa = XCConfigurationList;
			buildConfigurations = (
				8981BD992A38DC0500A75F88 /* Debug */,
				8981BD9A2A38DC0500A75F88 /* Release */,
			);
			defaultConfigurationIsVisible = 0;
			defaultConfigurationName = Release;
		};
		8981BD9B2A38DC0500A75F88 /* Build configuration list for PBXNativeTarget "Task #1" */ = {
			isa = XCConfigurationList;
			buildConfigurations = (
				8981BD9C2A38DC0500A75F88 /* Debug */,
				8981BD9D2A38DC0500A75F88 /* Release */,
			);
			defaultConfigurationIsVisible = 0;
			defaultConfigurationName = Release;
		};
/* End XCConfigurationList section */
	};
	rootObject = 8981BD7F2A38DC0300A75F88 /* Project object */;
}
